
Microsoft Visual Studio Solution File, Format Version 12.00
# Visual Studio Version 17
VisualStudioVersion = 17.10.35122.118
MinimumVisualStudioVersion = 10.0.40219.1
Project("{FAE04EC0-301F-11D3-BF4B-00C04F79EFBC}") = "DotNet8.FluentEmail.WebApi", "DotNet8.FluentEmail.WebApi\DotNet8.FluentEmail.WebApi.csproj", "{F032D909-3FCD-4EDD-A279-44163849C11E}"
EndProject
Global
	GlobalSection(SolutionConfigurationPlatforms) = preSolution
		Debug|Any CPU = Debug|Any CPU
		Release|Any CPU = Release|Any CPU
	EndGlobalSection
	GlobalSection(ProjectConfigurationPlatforms) = postSolution
		{F032D909-3FCD-4EDD-A279-44163849C11E}.Debug|Any CPU.ActiveCfg = Debug|Any CPU
		{F032D909-3FCD-4EDD-A279-44163849C11E}.Debug|Any CPU.Build.0 = Debug|Any CPU
		{F032D909-3FCD-4EDD-A279-44163849C11E}.Release|Any CPU.ActiveCfg = Release|Any CPU
		{F032D909-3FCD-4EDD-A279-44163849C11E}.Release|Any CPU.Build.0 = Release|Any CPU
	EndGlobalSection
	GlobalSection(SolutionProperties) = preSolution
		HideSolutionNode = FALSE
	EndGlobalSection
	GlobalSection(ExtensibilityGlobals) = postSolution
		SolutionGuid = {1853A871-5CCD-4A01-95DF-E74DA77EF537}
	EndGlobalSection
EndGlobal
